
Microsoft Visual Studio Solution File, Format Version 12.00
# Visual Studio Version 17
VisualStudioVersion = 17.9.34714.143
MinimumVisualStudioVersion = 10.0.40219.1
Project("{FAE04EC0-301F-11D3-BF4B-00C04F79EFBC}") = "Fear-and-Greed-Index-Doom-Edition", "Fear-and-Greed-Index-Doom-Edition.csproj", "{8EA8E077-18B6-4B40-9670-0A88C587FB50}"
EndProject
Global
	GlobalSection(SolutionConfigurationPlatforms) = preSolution
		Debug|Any CPU = Debug|Any CPU
		Release|Any CPU = Release|Any CPU
	EndGlobalSection
	GlobalSection(ProjectConfigurationPlatforms) = postSolution
		{8EA8E077-18B6-4B40-9670-0A88C587FB50}.Debug|Any CPU.ActiveCfg = Debug|Any CPU
		{8EA8E077-18B6-4B40-9670-0A88C587FB50}.Debug|Any CPU.Build.0 = Debug|Any CPU
		{8EA8E077-18B6-4B40-9670-0A88C587FB50}.Release|Any CPU.ActiveCfg = Release|Any CPU
		{8EA8E077-18B6-4B40-9670-0A88C587FB50}.Release|Any CPU.Build.0 = Release|Any CPU
	EndGlobalSection
	GlobalSection(SolutionProperties) = preSolution
		HideSolutionNode = FALSE
	EndGlobalSection
	GlobalSection(ExtensibilityGlobals) = postSolution
		SolutionGuid = {C6B6B39B-FE50-453D-844A-B70AE93B5181}
	EndGlobalSection
EndGlobal
